# This file is automatically @generated by Cargo.
# It is not intended for manual editing.
version = 4

[[package]]
name = "abi"
version = "0.0.0"

[[package]]
name = "comp-delay"
version = "0.0.0"
dependencies = [
 "abi",
]

[[package]]
name = "comp-engine"
version = "0.0.0"
dependencies = [
 "dsp",
]

[[package]]
name = "comp-filter"
version = "0.0.0"
dependencies = [
 "abi",
]

[[package]]
name = "comp-ring"
version = "0.0.0"
dependencies = [
 "abi",
]

[[package]]
name = "dsp"
version = "0.0.0"

[[package]]
name = "sine"
version = "0.0.0"
dependencies = [
 "dsp",
]
